// !$*UTF8*$!
{
	archiveVersion = 1;
	classes = {
	};
	objectVersion = 56;
	objects = {

/* Begin PBXBuildFile section */
		462162E22966325900796FFE /* AppDelegate.swift in Sources */ = {isa = PBXBuildFile; fileRef = 462162E12966325900796FFE /* AppDelegate.swift */; };
		462162E82966325900796FFE /* GameScene.swift in Sources */ = {isa = PBXBuildFile; fileRef = 462162E72966325900796FFE /* GameScene.swift */; };
		462162EA2966325900796FFE /* GameViewController.swift in Sources */ = {isa = PBXBuildFile; fileRef = 462162E92966325900796FFE /* GameViewController.swift */; };
		462162ED2966325900796FFE /* Main.storyboard in Resources */ = {isa = PBXBuildFile; fileRef = 462162EB2966325900796FFE /* Main.storyboard */; };
		462162F22966325A00796FFE /* LaunchScreen.storyboard in Resources */ = {isa = PBXBuildFile; fileRef = 462162F02966325A00796FFE /* LaunchScreen.storyboard */; };
		46B7C6512B0E93F500865D84 /* Assets.xcassets in Resources */ = {isa = PBXBuildFile; fileRef = 46B7C6502B0E93F500865D84 /* Assets.xcassets */; };
		46E6AE462AEA952F00206D8A /* move.mp3 in Resources */ = {isa = PBXBuildFile; fileRef = 46E6AE452AEA952F00206D8A /* move.mp3 */; };
		46E6AE482AEA96A700206D8A /* tada.mp3 in Resources */ = {isa = PBXBuildFile; fileRef = 46E6AE472AEA96A700206D8A /* tada.mp3 */; };
		46E6AE4A2AEAC3C400206D8A /* StartScene.swift in Sources */ = {isa = PBXBuildFile; fileRef = 46E6AE492AEAC3C400206D8A /* StartScene.swift */; };
		46E6AE4C2AEAC48B00206D8A /* EndScene.swift in Sources */ = {isa = PBXBuildFile; fileRef = 46E6AE4B2AEAC48B00206D8A /* EndScene.swift */; };
/* End PBXBuildFile section */

/* Begin PBXFileReference section */
		462162DE2966325900796FFE /* Unscramble.app */ = {isa = PBXFileReference; explicitFileType = wrapper.application; includeInIndex = 0; path = Unscramble.app; sourceTree = BUILT_PRODUCTS_DIR; };
		462162E12966325900796FFE /* AppDelegate.swift */ = {isa = PBXFileReference; lastKnownFileType = sourcecode.swift; path = AppDelegate.swift; sourceTree = "<group>"; };
		462162E72966325900796FFE /* GameScene.swift */ = {isa = PBXFileReference; lastKnownFileType = sourcecode.swift; path = GameScene.swift; sourceTree = "<group>"; };
		462162E92966325900796FFE /* GameViewController.swift */ = {isa = PBXFileReference; lastKnownFileType = sourcecode.swift; path = GameViewController.swift; sourceTree = "<group>"; };
		462162EC2966325900796FFE /* Base */ = {isa = PBXFileReference; lastKnownFileType = file.storyboard; name = Base; path = Base.lproj/Main.storyboard; sourceTree = "<group>"; };
		462162F12966325A00796FFE /* Base */ = {isa = PBXFileReference; lastKnownFileType = file.storyboard; name = Base; path = Base.lproj/LaunchScreen.storyboard; sourceTree = "<group>"; };
		46B7C6502B0E93F500865D84 /* Assets.xcassets */ = {isa = PBXFileReference; lastKnownFileType = folder.assetcatalog; path = Assets.xcassets; sourceTree = "<group>"; };
		46C52D262AEBEC6000ED18D7 /* Unscramble.entitlements */ = {isa = PBXFileReference; lastKnownFileType = text.plist.entitlements; path = Unscramble.entitlements; sourceTree = "<group>"; };
		46E6AE452AEA952F00206D8A /* move.mp3 */ = {isa = PBXFileReference; lastKnownFileType = audio.mp3; path = move.mp3; sourceTree = "<group>"; };
		46E6AE472AEA96A700206D8A /* tada.mp3 */ = {isa = PBXFileReference; lastKnownFileType = audio.mp3; path = tada.mp3; sourceTree = "<group>"; };
		46E6AE492AEAC3C400206D8A /* StartScene.swift */ = {isa = PBXFileReference; lastKnownFileType = sourcecode.swift; path = StartScene.swift; sourceTree = "<group>"; };
		46E6AE4B2AEAC48B00206D8A /* EndScene.swift */ = {isa = PBXFileReference; lastKnownFileType = sourcecode.swift; path = EndScene.swift; sourceTree = "<group>"; };
/* End PBXFileReference section */

/* Begin PBXFrameworksBuildPhase section */
		462162DB2966325900796FFE /* Frameworks */ = {
			isa = PBXFrameworksBuildPhase;
			buildActionMask = 2147483647;
			files = (
			);
			runOnlyForDeploymentPostprocessing = 0;
		};
/* End PBXFrameworksBuildPhase section */

/* Begin PBXGroup section */
		462162D52966325900796FFE = {
			isa = PBXGroup;
			children = (
				462162E02966325900796FFE /* Unscramble */,
				462162DF2966325900796FFE /* Products */,
			);
			sourceTree = "<group>";
		};
		462162DF2966325900796FFE /* Products */ = {
			isa = PBXGroup;
			children = (
				462162DE2966325900796FFE /* Unscramble.app */,
			);
			name = Products;
			sourceTree = "<group>";
		};
		462162E02966325900796FFE /* Unscramble */ = {
			isa = PBXGroup;
			children = (
				46C52D262AEBEC6000ED18D7 /* Unscramble.entitlements */,
				462162E12966325900796FFE /* AppDelegate.swift */,
				46E6AE492AEAC3C400206D8A /* StartScene.swift */,
				46E6AE4B2AEAC48B00206D8A /* EndScene.swift */,
				462162E72966325900796FFE /* GameScene.swift */,
				462162E92966325900796FFE /* GameViewController.swift */,
				462162EB2966325900796FFE /* Main.storyboard */,
				46B7C6502B0E93F500865D84 /* Assets.xcassets */,
				46E6AE452AEA952F00206D8A /* move.mp3 */,
				46E6AE472AEA96A700206D8A /* tada.mp3 */,
				462162F02966325A00796FFE /* LaunchScreen.storyboard */,
			);
			path = Unscramble;
			sourceTree = "<group>";
		};
/* End PBXGroup section */

/* Begin PBXNativeTarget section */
		462162DD2966325900796FFE /* Unscramble */ = {
			isa = PBXNativeTarget;
			buildConfigurationList = 462162F52966325A00796FFE /* Build configuration list for PBXNativeTarget "Unscramble" */;
			buildPhases = (
				462162DA2966325900796FFE /* Sources */,
				462162DB2966325900796FFE /* Frameworks */,
				462162DC2966325900796FFE /* Resources */,
			);
			buildRules = (
			);
			dependencies = (
			);
			name = Unscramble;
			productName = Unscramble;
			productReference = 462162DE2966325900796FFE /* Unscramble.app */;
			productType = "com.apple.product-type.application";
		};
/* End PBXNativeTarget section */

/* Begin PBXProject section */
		462162D62966325900796FFE /* Project object */ = {
			isa = PBXProject;
			attributes = {
				BuildIndependentTargetsInParallel = 1;
				LastSwiftUpdateCheck = 1420;
				LastUpgradeCheck = 1500;
				TargetAttributes = {
					462162DD2966325900796FFE = {
						CreatedOnToolsVersion = 14.2;
					};
				};
			};
			buildConfigurationList = 462162D92966325900796FFE /* Build configuration list for PBXProject "Unscramble" */;
			compatibilityVersion = "Xcode 14.0";
			developmentRegion = en;
			hasScannedForEncodings = 0;
			knownRegions = (
				en,
				Base,
			);
			mainGroup = 462162D52966325900796FFE;
			productRefGroup = 462162DF2966325900796FFE /* Products */;
			projectDirPath = "";
			projectRoot = "";
			targets = (
				462162DD2966325900796FFE /* Unscramble */,
			);
		};
/* End PBXProject section */

/* Begin PBXResourcesBuildPhase section */
		462162DC2966325900796FFE /* Resources */ = {
			isa = PBXResourcesBuildPhase;
			buildActionMask = 2147483647;
			files = (
				462162ED2966325900796FFE /* Main.storyboard in Resources */,
				46E6AE482AEA96A700206D8A /* tada.mp3 in Resources */,
				46E6AE462AEA952F00206D8A /* move.mp3 in Resources */,
				462162F22966325A00796FFE /* LaunchScreen.storyboard in Resources */,
				46B7C6512B0E93F500865D84 /* Assets.xcassets in Resources */,
			);
			runOnlyForDeploymentPostprocessing = 0;
		};
/* End PBXResourcesBuildPhase section */

/* Begin PBXSourcesBuildPhase section */
		462162DA2966325900796FFE /* Sources */ = {
			isa = PBXSourcesBuildPhase;
			buildActionMask = 2147483647;
			files = (
				462162E82966325900796FFE /* GameScene.swift in Sources */,
				462162EA2966325900796FFE /* GameViewController.swift in Sources */,
				462162E22966325900796FFE /* AppDelegate.swift in Sources */,
				46E6AE4A2AEAC3C400206D8A /* StartScene.swift in Sources */,
				46E6AE4C2AEAC48B00206D8A /* EndScene.swift in Sources */,
			);
			runOnlyForDeploymentPostprocessing = 0;
		};
/* End PBXSourcesBuildPhase section */

/* Begin PBXVariantGroup section */
		462162EB2966325900796FFE /* Main.storyboard */ = {
			isa = PBXVariantGroup;
			children = (
				462162EC2966325900796FFE /* Base */,
			);
			name = Main.storyboard;
			sourceTree = "<group>";
		};
		462162F02966325A00796FFE /* LaunchScreen.storyboard */ = {
			isa = PBXVariantGroup;
			children = (
				462162F12966325A00796FFE /* Base */,
			);
			name = LaunchScreen.storyboard;
			sourceTree = "<group>";
		};
/* End PBXVariantGroup section */

/* Begin XCBuildConfiguration section */
		462162F32966325A00796FFE /* Debug */ = {
			isa = XCBuildConfiguration;
			buildSettings = {
				ALWAYS_SEARCH_USER_PATHS = NO;
				CLANG_ANALYZER_NONNULL = YES;
				CLANG_ANALYZER_NUMBER_OBJECT_CONVERSION = YES_AGGRESSIVE;
				CLANG_CXX_LANGUAGE_STANDARD = "gnu++20";
				CLANG_ENABLE_MODULES = YES;
				CLANG_ENABLE_OBJC_ARC = YES;
				CLANG_ENABLE_OBJC_WEAK = YES;
				CLANG_WARN_BLOCK_CAPTURE_AUTORELEASING = YES;
				CLANG_WARN_BOOL_CONVERSION = YES;
				CLANG_WARN_COMMA = YES;
				CLANG_WARN_CONSTANT_CONVERSION = YES;
				CLANG_WARN_DEPRECATED_OBJC_IMPLEMENTATIONS = YES;
				CLANG_WARN_DIRECT_OBJC_ISA_USAGE = YES_ERROR;
				CLANG_WARN_DOCUMENTATION_COMMENTS = YES;
				CLANG_WARN_EMPTY_BODY = YES;
				CLANG_WARN_ENUM_CONVERSION = YES;
				CLANG_WARN_INFINITE_RECURSION = YES;
				CLANG_WARN_INT_CONVERSION = YES;
				CLANG_WARN_NON_LITERAL_NULL_CONVERSION = YES;
				CLANG_WARN_OBJC_IMPLICIT_RETAIN_SELF = YES;
				CLANG_WARN_OBJC_LITERAL_CONVERSION = YES;
				CLANG_WARN_OBJC_ROOT_CLASS = YES_ERROR;
				CLANG_WARN_QUOTED_INCLUDE_IN_FRAMEWORK_HEADER = YES;
				CLANG_WARN_RANGE_LOOP_ANALYSIS = YES;
				CLANG_WARN_STRICT_PROTOTYPES = YES;
				CLANG_WARN_SUSPICIOUS_MOVE = YES;
				CLANG_WARN_UNGUARDED_AVAILABILITY = YES_AGGRESSIVE;
				CLANG_WARN_UNREACHABLE_CODE = YES;
				CLANG_WARN__DUPLICATE_METHOD_MATCH = YES;
				COPY_PHASE_STRIP = NO;
				DEBUG_INFORMATION_FORMAT = dwarf;
				ENABLE_STRICT_OBJC_MSGSEND = YES;
				ENABLE_TESTABILITY = YES;
				ENABLE_USER_SCRIPT_SANDBOXING = YES;
				GCC_C_LANGUAGE_STANDARD = gnu11;
				GCC_DYNAMIC_NO_PIC = NO;
				GCC_NO_COMMON_BLOCKS = YES;
				GCC_OPTIMIZATION_LEVEL = 0;
				GCC_PREPROCESSOR_DEFINITIONS = (
					"DEBUG=1",
					"$(inherited)",
				);
				GCC_WARN_64_TO_32_BIT_CONVERSION = YES;
				GCC_WARN_ABOUT_RETURN_TYPE = YES_ERROR;
				GCC_WARN_UNDECLARED_SELECTOR = YES;
				GCC_WARN_UNINITIALIZED_AUTOS = YES_AGGRESSIVE;
				GCC_WARN_UNUSED_FUNCTION = YES;
				GCC_WARN_UNUSED_VARIABLE = YES;
				IPHONEOS_DEPLOYMENT_TARGET = 17.0;
				MTL_ENABLE_DEBUG_INFO = INCLUDE_SOURCE;
				MTL_FAST_MATH = YES;
				ONLY_ACTIVE_ARCH = YES;
				SDKROOT = iphoneos;
				SWIFT_ACTIVE_COMPILATION_CONDITIONS = DEBUG;
				SWIFT_OPTIMIZATION_LEVEL = "-Onone";
			};
			name = Debug;
		};
		462162F42966325A00796FFE /* Release */ = {
			isa = XCBuildConfiguration;
			buildSettings = {
				ALWAYS_SEARCH_USER_PATHS = NO;
				CLANG_ANALYZER_NONNULL = YES;
				CLANG_ANALYZER_NUMBER_OBJECT_CONVERSION = YES_AGGRESSIVE;
				CLANG_CXX_LANGUAGE_STANDARD = "gnu++20";
				CLANG_ENABLE_MODULES = YES;
				CLANG_ENABLE_OBJC_ARC = YES;
				CLANG_ENABLE_OBJC_WEAK = YES;
				CLANG_WARN_BLOCK_CAPTURE_AUTORELEASING = YES;
				CLANG_WARN_BOOL_CONVERSION = YES;
				CLANG_WARN_COMMA = YES;
				CLANG_WARN_CONSTANT_CONVERSION = YES;
				CLANG_WARN_DEPRECATED_OBJC_IMPLEMENTATIONS = YES;
				CLANG_WARN_DIRECT_OBJC_ISA_USAGE = YES_ERROR;
				CLANG_WARN_DOCUMENTATION_COMMENTS = YES;
				CLANG_WARN_EMPTY_BODY = YES;
				CLANG_WARN_ENUM_CONVERSION = YES;
				CLANG_WARN_INFINITE_RECURSION = YES;
				CLANG_WARN_INT_CONVERSION = YES;
				CLANG_WARN_NON_LITERAL_NULL_CONVERSION = YES;
				CLANG_WARN_OBJC_IMPLICIT_RETAIN_SELF = YES;
				CLANG_WARN_OBJC_LITERAL_CONVERSION = YES;
				CLANG_WARN_OBJC_ROOT_CLASS = YES_ERROR;
				CLANG_WARN_QUOTED_INCLUDE_IN_FRAMEWORK_HEADER = YES;
				CLANG_WARN_RANGE_LOOP_ANALYSIS = YES;
				CLANG_WARN_STRICT_PROTOTYPES = YES;
				CLANG_WARN_SUSPICIOUS_MOVE = YES;
				CLANG_WARN_UNGUARDED_AVAILABILITY = YES_AGGRESSIVE;
				CLANG_WARN_UNREACHABLE_CODE = YES;
				CLANG_WARN__DUPLICATE_METHOD_MATCH = YES;
				COPY_PHASE_STRIP = NO;
				DEBUG_INFORMATION_FORMAT = "dwarf-with-dsym";
				ENABLE_NS_ASSERTIONS = NO;
				ENABLE_STRICT_OBJC_MSGSEND = YES;
				ENABLE_USER_SCRIPT_SANDBOXING = YES;
				GCC_C_LANGUAGE_STANDARD = gnu11;
				GCC_NO_COMMON_BLOCKS = YES;
				GCC_WARN_64_TO_32_BIT_CONVERSION = YES;
				GCC_WARN_ABOUT_RETURN_TYPE = YES_ERROR;
				GCC_WARN_UNDECLARED_SELECTOR = YES;
				GCC_WARN_UNINITIALIZED_AUTOS = YES_AGGRESSIVE;
				GCC_WARN_UNUSED_FUNCTION = YES;
				GCC_WARN_UNUSED_VARIABLE = YES;
				IPHONEOS_DEPLOYMENT_TARGET = 17.0;
				MTL_ENABLE_DEBUG_INFO = NO;
				MTL_FAST_MATH = YES;
				SDKROOT = iphoneos;
				SWIFT_COMPILATION_MODE = wholemodule;
				SWIFT_OPTIMIZATION_LEVEL = "-O";
				VALIDATE_PRODUCT = YES;
			};
			name = Release;
		};
		462162F62966325A00796FFE /* Debug */ = {
			isa = XCBuildConfiguration;
			buildSettings = {
				ASSETCATALOG_COMPILER_APPICON_NAME = AppIcon;
				ASSETCATALOG_COMPILER_GLOBAL_ACCENT_COLOR_NAME = AccentColor;
				CODE_SIGN_ENTITLEMENTS = Unscramble/Unscramble.entitlements;
				CODE_SIGN_STYLE = Automatic;
				CURRENT_PROJECT_VERSION = 1;
				DEVELOPMENT_TEAM = 4P87YA35TA;
				GCC_THREADSAFE_STATICS = YES;
				GENERATE_INFOPLIST_FILE = YES;
				INFOPLIST_KEY_LSApplicationCategoryType = "public.app-category.puzzle-games";
				INFOPLIST_KEY_UIApplicationSupportsIndirectInputEvents = YES;
				INFOPLIST_KEY_UILaunchStoryboardName = LaunchScreen;
				INFOPLIST_KEY_UIMainStoryboardFile = Main;
				INFOPLIST_KEY_UIRequiresFullScreen = YES;
				INFOPLIST_KEY_UIStatusBarHidden = YES;
				INFOPLIST_KEY_UIStatusBarStyle = "";
				INFOPLIST_KEY_UISupportedInterfaceOrientations = UIInterfaceOrientationPortrait;
				IPHONEOS_DEPLOYMENT_TARGET = 17.0;
				LD_RUNPATH_SEARCH_PATHS = (
					"$(inherited)",
					"@executable_path/Frameworks",
				);
				MARKETING_VERSION = 1.8;
				PRODUCT_BUNDLE_IDENTIFIER = com.AlexanderResnik.UnscrambleColors;
				PRODUCT_NAME = "$(TARGET_NAME)";
				SWIFT_EMIT_LOC_STRINGS = YES;
				SWIFT_ENFORCE_EXCLUSIVE_ACCESS = on;
				SWIFT_VERSION = 5.0;
				TARGETED_DEVICE_FAMILY = "1,2";
			};
			name = Debug;
		};
		462162F72966325A00796FFE /* Release */ = {
			isa = XCBuildConfiguration;
			buildSettings = {
				ASSETCATALOG_COMPILER_APPICON_NAME = AppIcon;
				ASSETCATALOG_COMPILER_GLOBAL_ACCENT_COLOR_NAME = AccentColor;
				CODE_SIGN_ENTITLEMENTS = Unscramble/Unscramble.entitlements;
				CODE_SIGN_STYLE = Automatic;
				CURRENT_PROJECT_VERSION = 1;
				DEVELOPMENT_TEAM = 4P87YA35TA;
				GCC_THREADSAFE_STATICS = YES;
				GENERATE_INFOPLIST_FILE = YES;
				INFOPLIST_KEY_LSApplicationCategoryType = "public.app-category.puzzle-games";
				INFOPLIST_KEY_UIApplicationSupportsIndirectInputEvents = YES;
				INFOPLIST_KEY_UILaunchStoryboardName = LaunchScreen;
				INFOPLIST_KEY_UIMainStoryboardFile = Main;
				INFOPLIST_KEY_UIRequiresFullScreen = YES;
				INFOPLIST_KEY_UIStatusBarHidden = YES;
				INFOPLIST_KEY_UIStatusBarStyle = "";
				INFOPLIST_KEY_UISupportedInterfaceOrientations = UIInterfaceOrientationPortrait;
				IPHONEOS_DEPLOYMENT_TARGET = 17.0;
				LD_RUNPATH_SEARCH_PATHS = (
					"$(inherited)",
					"@executable_path/Frameworks",
				);
				MARKETING_VERSION = 1.8;
				PRODUCT_BUNDLE_IDENTIFIER = com.AlexanderResnik.UnscrambleColors;
				PRODUCT_NAME = "$(TARGET_NAME)";
				SWIFT_EMIT_LOC_STRINGS = YES;
				SWIFT_ENFORCE_EXCLUSIVE_ACCESS = on;
				SWIFT_VERSION = 5.0;
				TARGETED_DEVICE_FAMILY = "1,2";
			};
			name = Release;
		};
/* End XCBuildConfiguration section */

/* Begin XCConfigurationList section */
		462162D92966325900796FFE /* Build configuration list for PBXProject "Unscramble" */ = {
			isa = XCConfigurationList;
			buildConfigurations = (
				462162F32966325A00796FFE /* Debug */,
				462162F42966325A00796FFE /* Release */,
			);
			defaultConfigurationIsVisible = 0;
			defaultConfigurationName = Release;
		};
		462162F52966325A00796FFE /* Build configuration list for PBXNativeTarget "Unscramble" */ = {
			isa = XCConfigurationList;
			buildConfigurations = (
				462162F62966325A00796FFE /* Debug */,
				462162F72966325A00796FFE /* Release */,
			);
			defaultConfigurationIsVisible = 0;
			defaultConfigurationName = Release;
		};
/* End XCConfigurationList section */
	};
	rootObject = 462162D62966325900796FFE /* Project object */;
}
